
Microsoft Visual Studio Solution File, Format Version 12.00
# Visual Studio 14
VisualStudioVersion = 14.0.25420.1
MinimumVisualStudioVersion = 10.0.40219.1
Project("{FAE04EC0-301F-11D3-BF4B-00C04F79EFBC}") = "Booker.Api", "Booker.Api\Booker.Api.csproj", "{B208B4BD-FDCC-47FA-9E54-A4963C1829F2}"
EndProject
Project("{FAE04EC0-301F-11D3-BF4B-00C04F79EFBC}") = "Booker.Tests", "Booker.Tests\Booker.Tests.csproj", "{5E93CA53-C900-4E07-9BF1-D84C0EDAA0EC}"
EndProject
Global
	GlobalSection(SolutionConfigurationPlatforms) = preSolution
		Debug|Any CPU = Debug|Any CPU
		Release|Any CPU = Release|Any CPU
	EndGlobalSection
	GlobalSection(ProjectConfigurationPlatforms) = postSolution
		{B208B4BD-FDCC-47FA-9E54-A4963C1829F2}.Debug|Any CPU.ActiveCfg = Debug|Any CPU
		{B208B4BD-FDCC-47FA-9E54-A4963C1829F2}.Debug|Any CPU.Build.0 = Debug|Any CPU
		{B208B4BD-FDCC-47FA-9E54-A4963C1829F2}.Release|Any CPU.ActiveCfg = Release|Any CPU
		{B208B4BD-FDCC-47FA-9E54-A4963C1829F2}.Release|Any CPU.Build.0 = Release|Any CPU
		{5E93CA53-C900-4E07-9BF1-D84C0EDAA0EC}.Debug|Any CPU.ActiveCfg = Debug|Any CPU
		{5E93CA53-C900-4E07-9BF1-D84C0EDAA0EC}.Debug|Any CPU.Build.0 = Debug|Any CPU
		{5E93CA53-C900-4E07-9BF1-D84C0EDAA0EC}.Release|Any CPU.ActiveCfg = Release|Any CPU
		{5E93CA53-C900-4E07-9BF1-D84C0EDAA0EC}.Release|Any CPU.Build.0 = Release|Any CPU
	EndGlobalSection
	GlobalSection(SolutionProperties) = preSolution
		HideSolutionNode = FALSE
	EndGlobalSection
EndGlobal
